
Microsoft Visual Studio Solution File, Format Version 12.00
# Visual Studio Version 17
VisualStudioVersion = 17.6.33626.354
MinimumVisualStudioVersion = 10.0.40219.1
Project("{FAE04EC0-301F-11D3-BF4B-00C04F79EFBC}") = "ShaoWeb", "ShaoWeb\ShaoWeb.csproj", "{A560BC4A-9526-42CB-A151-47455DFF2212}"
EndProject
Global
	GlobalSection(SolutionConfigurationPlatforms) = preSolution
		Debug|Any CPU = Debug|Any CPU
		Release|Any CPU = Release|Any CPU
	EndGlobalSection
	GlobalSection(ProjectConfigurationPlatforms) = postSolution
		{A560BC4A-9526-42CB-A151-47455DFF2212}.Debug|Any CPU.ActiveCfg = Debug|Any CPU
		{A560BC4A-9526-42CB-A151-47455DFF2212}.Debug|Any CPU.Build.0 = Debug|Any CPU
		{A560BC4A-9526-42CB-A151-47455DFF2212}.Release|Any CPU.ActiveCfg = Release|Any CPU
		{A560BC4A-9526-42CB-A151-47455DFF2212}.Release|Any CPU.Build.0 = Release|Any CPU
	EndGlobalSection
	GlobalSection(SolutionProperties) = preSolution
		HideSolutionNode = FALSE
	EndGlobalSection
	GlobalSection(ExtensibilityGlobals) = postSolution
		SolutionGuid = {9854947B-E1F2-417B-B2F5-35CE96BD0FEA}
	EndGlobalSection
EndGlobal
